
Microsoft Visual Studio Solution File, Format Version 12.00
# Visual Studio Version 16
VisualStudioVersion = 16.0.34729.46
MinimumVisualStudioVersion = 10.0.40219.1
Project("{FAE04EC0-301F-11D3-BF4B-00C04F79EFBC}") = "CadastroHospedagem", "CadastroHospedagem\CadastroHospedagem.csproj", "{B4B28474-3526-437D-A98D-76FBD9E398B1}"
EndProject
Global
	GlobalSection(SolutionConfigurationPlatforms) = preSolution
		Debug|Any CPU = Debug|Any CPU
		Release|Any CPU = Release|Any CPU
	EndGlobalSection
	GlobalSection(ProjectConfigurationPlatforms) = postSolution
		{B4B28474-3526-437D-A98D-76FBD9E398B1}.Debug|Any CPU.ActiveCfg = Debug|Any CPU
		{B4B28474-3526-437D-A98D-76FBD9E398B1}.Debug|Any CPU.Build.0 = Debug|Any CPU
		{B4B28474-3526-437D-A98D-76FBD9E398B1}.Release|Any CPU.ActiveCfg = Release|Any CPU
		{B4B28474-3526-437D-A98D-76FBD9E398B1}.Release|Any CPU.Build.0 = Release|Any CPU
	EndGlobalSection
	GlobalSection(SolutionProperties) = preSolution
		HideSolutionNode = FALSE
	EndGlobalSection
	GlobalSection(ExtensibilityGlobals) = postSolution
		SolutionGuid = {601AB1FD-76D6-4ECB-B912-C46720340431}
	EndGlobalSection
EndGlobal
